// !$*UTF8*$!
{
	archiveVersion = 1;
	classes = {
	};
	objectVersion = 56;
	objects = {

/* Begin PBXBuildFile section */
		3A9066232A53CC72004E4AD5 /* AppDelegate.swift in Sources */ = {isa = PBXBuildFile; fileRef = 3A9066222A53CC72004E4AD5 /* AppDelegate.swift */; };
		3A9066252A53CC72004E4AD5 /* SceneDelegate.swift in Sources */ = {isa = PBXBuildFile; fileRef = 3A9066242A53CC72004E4AD5 /* SceneDelegate.swift */; };
		3A9066272A53CC72004E4AD5 /* SearchResultViewController.swift in Sources */ = {isa = PBXBuildFile; fileRef = 3A9066262A53CC72004E4AD5 /* SearchResultViewController.swift */; };
		3A90662C2A53CC72004E4AD5 /* Assets.xcassets in Resources */ = {isa = PBXBuildFile; fileRef = 3A90662B2A53CC72004E4AD5 /* Assets.xcassets */; };
		3A90662F2A53CC72004E4AD5 /* LaunchScreen.storyboard in Resources */ = {isa = PBXBuildFile; fileRef = 3A90662D2A53CC72004E4AD5 /* LaunchScreen.storyboard */; };
		3A90663A2A53CC73004E4AD5 /* AppstoreCloneTests.swift in Sources */ = {isa = PBXBuildFile; fileRef = 3A9066392A53CC73004E4AD5 /* AppstoreCloneTests.swift */; };
		3A9066442A53CC73004E4AD5 /* AppstoreCloneUITests.swift in Sources */ = {isa = PBXBuildFile; fileRef = 3A9066432A53CC73004E4AD5 /* AppstoreCloneUITests.swift */; };
		3A9066462A53CC73004E4AD5 /* AppstoreCloneUITestsLaunchTests.swift in Sources */ = {isa = PBXBuildFile; fileRef = 3A9066452A53CC73004E4AD5 /* AppstoreCloneUITestsLaunchTests.swift */; };
		3A90665F2A53CF44004E4AD5 /* SearchAppUseCase.swift in Sources */ = {isa = PBXBuildFile; fileRef = 3A90665E2A53CF44004E4AD5 /* SearchAppUseCase.swift */; };
		3A90667C2A53D1B6004E4AD5 /* AppSearchViewController.swift in Sources */ = {isa = PBXBuildFile; fileRef = 3A90667B2A53D1B6004E4AD5 /* AppSearchViewController.swift */; };
		3A90667D2A53D1B6004E4AD5 /* AppSearchViewController.swift in Sources */ = {isa = PBXBuildFile; fileRef = 3A90667B2A53D1B6004E4AD5 /* AppSearchViewController.swift */; };
		3A90667E2A53D1B6004E4AD5 /* AppSearchViewController.swift in Sources */ = {isa = PBXBuildFile; fileRef = 3A90667B2A53D1B6004E4AD5 /* AppSearchViewController.swift */; };
		3A9066812A53DB38004E4AD5 /* SnapKit in Frameworks */ = {isa = PBXBuildFile; productRef = 3A9066802A53DB38004E4AD5 /* SnapKit */; };
		3A9066842A53DB65004E4AD5 /* RxCocoa in Frameworks */ = {isa = PBXBuildFile; productRef = 3A9066832A53DB65004E4AD5 /* RxCocoa */; };
		3A9066862A53DB65004E4AD5 /* RxRelay in Frameworks */ = {isa = PBXBuildFile; productRef = 3A9066852A53DB65004E4AD5 /* RxRelay */; };
		3A9066882A53DB65004E4AD5 /* RxSwift in Frameworks */ = {isa = PBXBuildFile; productRef = 3A9066872A53DB65004E4AD5 /* RxSwift */; };
		3A90668B2A53DB75004E4AD5 /* RxDataSources in Frameworks */ = {isa = PBXBuildFile; productRef = 3A90668A2A53DB75004E4AD5 /* RxDataSources */; };
		3A90668E2A53E149004E4AD5 /* Kingfisher in Frameworks */ = {isa = PBXBuildFile; productRef = 3A90668D2A53E149004E4AD5 /* Kingfisher */; };
		3A9066932A53E2EC004E4AD5 /* AppSearchViewModel.swift in Sources */ = {isa = PBXBuildFile; fileRef = 3A9066922A53E2EC004E4AD5 /* AppSearchViewModel.swift */; };
		3A9066942A53E2EC004E4AD5 /* AppSearchViewModel.swift in Sources */ = {isa = PBXBuildFile; fileRef = 3A9066922A53E2EC004E4AD5 /* AppSearchViewModel.swift */; };
		3A9066952A53E2EC004E4AD5 /* AppSearchViewModel.swift in Sources */ = {isa = PBXBuildFile; fileRef = 3A9066922A53E2EC004E4AD5 /* AppSearchViewModel.swift */; };
		3A9066972A53E36A004E4AD5 /* UserDefaultsKey.swift in Sources */ = {isa = PBXBuildFile; fileRef = 3A9066962A53E36A004E4AD5 /* UserDefaultsKey.swift */; };
		3A9066982A53E36A004E4AD5 /* UserDefaultsKey.swift in Sources */ = {isa = PBXBuildFile; fileRef = 3A9066962A53E36A004E4AD5 /* UserDefaultsKey.swift */; };
		3A9066992A53E36A004E4AD5 /* UserDefaultsKey.swift in Sources */ = {isa = PBXBuildFile; fileRef = 3A9066962A53E36A004E4AD5 /* UserDefaultsKey.swift */; };
		3A90669C2A53EE9B004E4AD5 /* RecentSearchHeaderView.swift in Sources */ = {isa = PBXBuildFile; fileRef = 3A90669B2A53EE9B004E4AD5 /* RecentSearchHeaderView.swift */; };
		3A90669D2A53EE9B004E4AD5 /* RecentSearchHeaderView.swift in Sources */ = {isa = PBXBuildFile; fileRef = 3A90669B2A53EE9B004E4AD5 /* RecentSearchHeaderView.swift */; };
		3A90669E2A53EE9B004E4AD5 /* RecentSearchHeaderView.swift in Sources */ = {isa = PBXBuildFile; fileRef = 3A90669B2A53EE9B004E4AD5 /* RecentSearchHeaderView.swift */; };
		3A90669F2A53F5A0004E4AD5 /* SearchResultViewController.swift in Sources */ = {isa = PBXBuildFile; fileRef = 3A9066262A53CC72004E4AD5 /* SearchResultViewController.swift */; };
		3A9066A02A53F5A0004E4AD5 /* SearchResultViewController.swift in Sources */ = {isa = PBXBuildFile; fileRef = 3A9066262A53CC72004E4AD5 /* SearchResultViewController.swift */; };
		3A9066A22A5401F3004E4AD5 /* SearchDTO.swift in Sources */ = {isa = PBXBuildFile; fileRef = 3A9066A12A5401F3004E4AD5 /* SearchDTO.swift */; };
		3A9066A32A5401F3004E4AD5 /* SearchDTO.swift in Sources */ = {isa = PBXBuildFile; fileRef = 3A9066A12A5401F3004E4AD5 /* SearchDTO.swift */; };
		3A9066A42A5401F3004E4AD5 /* SearchDTO.swift in Sources */ = {isa = PBXBuildFile; fileRef = 3A9066A12A5401F3004E4AD5 /* SearchDTO.swift */; };
		3A9066A72A540256004E4AD5 /* Moya in Frameworks */ = {isa = PBXBuildFile; productRef = 3A9066A62A540256004E4AD5 /* Moya */; };
		3A9066A92A54026D004E4AD5 /* SearchRepository.swift in Sources */ = {isa = PBXBuildFile; fileRef = 3A9066A82A54026D004E4AD5 /* SearchRepository.swift */; };
		3A9066AA2A54026D004E4AD5 /* SearchRepository.swift in Sources */ = {isa = PBXBuildFile; fileRef = 3A9066A82A54026D004E4AD5 /* SearchRepository.swift */; };
		3A9066AB2A54026D004E4AD5 /* SearchRepository.swift in Sources */ = {isa = PBXBuildFile; fileRef = 3A9066A82A54026D004E4AD5 /* SearchRepository.swift */; };
		3A9066AD2A5403FF004E4AD5 /* AppData.swift in Sources */ = {isa = PBXBuildFile; fileRef = 3A9066AC2A5403FF004E4AD5 /* AppData.swift */; };
		3A9066AE2A5403FF004E4AD5 /* AppData.swift in Sources */ = {isa = PBXBuildFile; fileRef = 3A9066AC2A5403FF004E4AD5 /* AppData.swift */; };
		3A9066AF2A5403FF004E4AD5 /* AppData.swift in Sources */ = {isa = PBXBuildFile; fileRef = 3A9066AC2A5403FF004E4AD5 /* AppData.swift */; };
		3A9066B22A541E7E004E4AD5 /* AppCollectionViewCell.swift in Sources */ = {isa = PBXBuildFile; fileRef = 3A9066B12A541E7E004E4AD5 /* AppCollectionViewCell.swift */; };
		3A9066B32A541E7E004E4AD5 /* AppCollectionViewCell.swift in Sources */ = {isa = PBXBuildFile; fileRef = 3A9066B12A541E7E004E4AD5 /* AppCollectionViewCell.swift */; };
		3A9066B42A541E7E004E4AD5 /* AppCollectionViewCell.swift in Sources */ = {isa = PBXBuildFile; fileRef = 3A9066B12A541E7E004E4AD5 /* AppCollectionViewCell.swift */; };
		3A9066B62A541EC3004E4AD5 /* AppHeaderView.swift in Sources */ = {isa = PBXBuildFile; fileRef = 3A9066B52A541EC3004E4AD5 /* AppHeaderView.swift */; };
		3A9066B72A541EC3004E4AD5 /* AppHeaderView.swift in Sources */ = {isa = PBXBuildFile; fileRef = 3A9066B52A541EC3004E4AD5 /* AppHeaderView.swift */; };
		3A9066B82A541EC3004E4AD5 /* AppHeaderView.swift in Sources */ = {isa = PBXBuildFile; fileRef = 3A9066B52A541EC3004E4AD5 /* AppHeaderView.swift */; };
		3A9066BC2A543912004E4AD5 /* PreviewImageView.swift in Sources */ = {isa = PBXBuildFile; fileRef = 3A9066BB2A543912004E4AD5 /* PreviewImageView.swift */; };
		3A9066BD2A543912004E4AD5 /* PreviewImageView.swift in Sources */ = {isa = PBXBuildFile; fileRef = 3A9066BB2A543912004E4AD5 /* PreviewImageView.swift */; };
		3A9066BE2A543912004E4AD5 /* PreviewImageView.swift in Sources */ = {isa = PBXBuildFile; fileRef = 3A9066BB2A543912004E4AD5 /* PreviewImageView.swift */; };
		3A9066C02A543FCA004E4AD5 /* AppDetailViewController.swift in Sources */ = {isa = PBXBuildFile; fileRef = 3A9066BF2A543FCA004E4AD5 /* AppDetailViewController.swift */; };
		3A9066C12A543FCA004E4AD5 /* AppDetailViewController.swift in Sources */ = {isa = PBXBuildFile; fileRef = 3A9066BF2A543FCA004E4AD5 /* AppDetailViewController.swift */; };
		3A9066C22A543FCA004E4AD5 /* AppDetailViewController.swift in Sources */ = {isa = PBXBuildFile; fileRef = 3A9066BF2A543FCA004E4AD5 /* AppDetailViewController.swift */; };
/* End PBXBuildFile section */

/* Begin PBXContainerItemProxy section */
		3A9066362A53CC73004E4AD5 /* PBXContainerItemProxy */ = {
			isa = PBXContainerItemProxy;
			containerPortal = 3A9066172A53CC72004E4AD5 /* Project object */;
			proxyType = 1;
			remoteGlobalIDString = 3A90661E2A53CC72004E4AD5;
			remoteInfo = AppstoreClone;
		};
		3A9066402A53CC73004E4AD5 /* PBXContainerItemProxy */ = {
			isa = PBXContainerItemProxy;
			containerPortal = 3A9066172A53CC72004E4AD5 /* Project object */;
			proxyType = 1;
			remoteGlobalIDString = 3A90661E2A53CC72004E4AD5;
			remoteInfo = AppstoreClone;
		};
/* End PBXContainerItemProxy section */

/* Begin PBXFileReference section */
		3A90661F2A53CC72004E4AD5 /* AppstoreClone.app */ = {isa = PBXFileReference; explicitFileType = wrapper.application; includeInIndex = 0; path = AppstoreClone.app; sourceTree = BUILT_PRODUCTS_DIR; };
		3A9066222A53CC72004E4AD5 /* AppDelegate.swift */ = {isa = PBXFileReference; lastKnownFileType = sourcecode.swift; path = AppDelegate.swift; sourceTree = "<group>"; };
		3A9066242A53CC72004E4AD5 /* SceneDelegate.swift */ = {isa = PBXFileReference; lastKnownFileType = sourcecode.swift; path = SceneDelegate.swift; sourceTree = "<group>"; };
		3A9066262A53CC72004E4AD5 /* SearchResultViewController.swift */ = {isa = PBXFileReference; lastKnownFileType = sourcecode.swift; path = SearchResultViewController.swift; sourceTree = "<group>"; };
		3A90662B2A53CC72004E4AD5 /* Assets.xcassets */ = {isa = PBXFileReference; lastKnownFileType = folder.assetcatalog; path = Assets.xcassets; sourceTree = "<group>"; };
		3A90662E2A53CC72004E4AD5 /* Base */ = {isa = PBXFileReference; lastKnownFileType = file.storyboard; name = Base; path = Base.lproj/LaunchScreen.storyboard; sourceTree = "<group>"; };
		3A9066302A53CC72004E4AD5 /* Info.plist */ = {isa = PBXFileReference; lastKnownFileType = text.plist.xml; path = Info.plist; sourceTree = "<group>"; };
		3A9066352A53CC73004E4AD5 /* AppstoreCloneTests.xctest */ = {isa = PBXFileReference; explicitFileType = wrapper.cfbundle; includeInIndex = 0; path = AppstoreCloneTests.xctest; sourceTree = BUILT_PRODUCTS_DIR; };
		3A9066392A53CC73004E4AD5 /* AppstoreCloneTests.swift */ = {isa = PBXFileReference; lastKnownFileType = sourcecode.swift; path = AppstoreCloneTests.swift; sourceTree = "<group>"; };
		3A90663F2A53CC73004E4AD5 /* AppstoreCloneUITests.xctest */ = {isa = PBXFileReference; explicitFileType = wrapper.cfbundle; includeInIndex = 0; path = AppstoreCloneUITests.xctest; sourceTree = BUILT_PRODUCTS_DIR; };
		3A9066432A53CC73004E4AD5 /* AppstoreCloneUITests.swift */ = {isa = PBXFileReference; lastKnownFileType = sourcecode.swift; path = AppstoreCloneUITests.swift; sourceTree = "<group>"; };
		3A9066452A53CC73004E4AD5 /* AppstoreCloneUITestsLaunchTests.swift */ = {isa = PBXFileReference; lastKnownFileType = sourcecode.swift; path = AppstoreCloneUITestsLaunchTests.swift; sourceTree = "<group>"; };
		3A90665E2A53CF44004E4AD5 /* SearchAppUseCase.swift */ = {isa = PBXFileReference; lastKnownFileType = sourcecode.swift; path = SearchAppUseCase.swift; sourceTree = "<group>"; };
		3A90667B2A53D1B6004E4AD5 /* AppSearchViewController.swift */ = {isa = PBXFileReference; lastKnownFileType = sourcecode.swift; path = AppSearchViewController.swift; sourceTree = "<group>"; };
		3A9066922A53E2EC004E4AD5 /* AppSearchViewModel.swift */ = {isa = PBXFileReference; lastKnownFileType = sourcecode.swift; path = AppSearchViewModel.swift; sourceTree = "<group>"; };
		3A9066962A53E36A004E4AD5 /* UserDefaultsKey.swift */ = {isa = PBXFileReference; lastKnownFileType = sourcecode.swift; path = UserDefaultsKey.swift; sourceTree = "<group>"; };
		3A90669B2A53EE9B004E4AD5 /* RecentSearchHeaderView.swift */ = {isa = PBXFileReference; lastKnownFileType = sourcecode.swift; path = RecentSearchHeaderView.swift; sourceTree = "<group>"; };
		3A9066A12A5401F3004E4AD5 /* SearchDTO.swift */ = {isa = PBXFileReference; lastKnownFileType = sourcecode.swift; path = SearchDTO.swift; sourceTree = "<group>"; };
		3A9066A82A54026D004E4AD5 /* SearchRepository.swift */ = {isa = PBXFileReference; lastKnownFileType = sourcecode.swift; path = SearchRepository.swift; sourceTree = "<group>"; };
		3A9066AC2A5403FF004E4AD5 /* AppData.swift */ = {isa = PBXFileReference; lastKnownFileType = sourcecode.swift; path = AppData.swift; sourceTree = "<group>"; };
		3A9066B12A541E7E004E4AD5 /* AppCollectionViewCell.swift */ = {isa = PBXFileReference; lastKnownFileType = sourcecode.swift; path = AppCollectionViewCell.swift; sourceTree = "<group>"; };
		3A9066B52A541EC3004E4AD5 /* AppHeaderView.swift */ = {isa = PBXFileReference; lastKnownFileType = sourcecode.swift; path = AppHeaderView.swift; sourceTree = "<group>"; };
		3A9066BB2A543912004E4AD5 /* PreviewImageView.swift */ = {isa = PBXFileReference; lastKnownFileType = sourcecode.swift; path = PreviewImageView.swift; sourceTree = "<group>"; };
		3A9066BF2A543FCA004E4AD5 /* AppDetailViewController.swift */ = {isa = PBXFileReference; lastKnownFileType = sourcecode.swift; path = AppDetailViewController.swift; sourceTree = "<group>"; };
/* End PBXFileReference section */

/* Begin PBXFrameworksBuildPhase section */
		3A90661C2A53CC72004E4AD5 /* Frameworks */ = {
			isa = PBXFrameworksBuildPhase;
			buildActionMask = 2147483647;
			files = (
				3A90668E2A53E149004E4AD5 /* Kingfisher in Frameworks */,
				3A9066862A53DB65004E4AD5 /* RxRelay in Frameworks */,
				3A9066842A53DB65004E4AD5 /* RxCocoa in Frameworks */,
				3A9066882A53DB65004E4AD5 /* RxSwift in Frameworks */,
				3A90668B2A53DB75004E4AD5 /* RxDataSources in Frameworks */,
				3A9066A72A540256004E4AD5 /* Moya in Frameworks */,
				3A9066812A53DB38004E4AD5 /* SnapKit in Frameworks */,
			);
			runOnlyForDeploymentPostprocessing = 0;
		};
		3A9066322A53CC73004E4AD5 /* Frameworks */ = {
			isa = PBXFrameworksBuildPhase;
			buildActionMask = 2147483647;
			files = (
			);
			runOnlyForDeploymentPostprocessing = 0;
		};
		3A90663C2A53CC73004E4AD5 /* Frameworks */ = {
			isa = PBXFrameworksBuildPhase;
			buildActionMask = 2147483647;
			files = (
			);
			runOnlyForDeploymentPostprocessing = 0;
		};
/* End PBXFrameworksBuildPhase section */

/* Begin PBXGroup section */
		3A9066162A53CC72004E4AD5 = {
			isa = PBXGroup;
			children = (
				3A9066212A53CC72004E4AD5 /* AppstoreClone */,
				3A9066382A53CC73004E4AD5 /* AppstoreCloneTests */,
				3A9066422A53CC73004E4AD5 /* AppstoreCloneUITests */,
				3A9066202A53CC72004E4AD5 /* Products */,
			);
			sourceTree = "<group>";
		};
		3A9066202A53CC72004E4AD5 /* Products */ = {
			isa = PBXGroup;
			children = (
				3A90661F2A53CC72004E4AD5 /* AppstoreClone.app */,
				3A9066352A53CC73004E4AD5 /* AppstoreCloneTests.xctest */,
				3A90663F2A53CC73004E4AD5 /* AppstoreCloneUITests.xctest */,
			);
			name = Products;
			sourceTree = "<group>";
		};
		3A9066212A53CC72004E4AD5 /* AppstoreClone */ = {
			isa = PBXGroup;
			children = (
				3A9066532A53CE46004E4AD5 /* Util */,
				3A9066542A53CE4B004E4AD5 /* Data */,
				3A9066552A53CE50004E4AD5 /* Domain */,
				3A9066522A53CE40004E4AD5 /* Application */,
				3A9066562A53CE56004E4AD5 /* Presentation */,
				3A90662B2A53CC72004E4AD5 /* Assets.xcassets */,
				3A90662D2A53CC72004E4AD5 /* LaunchScreen.storyboard */,
				3A9066302A53CC72004E4AD5 /* Info.plist */,
			);
			path = AppstoreClone;
			sourceTree = "<group>";
		};
		3A9066382A53CC73004E4AD5 /* AppstoreCloneTests */ = {
			isa = PBXGroup;
			children = (
				3A9066392A53CC73004E4AD5 /* AppstoreCloneTests.swift */,
			);
			path = AppstoreCloneTests;
			sourceTree = "<group>";
		};
		3A9066422A53CC73004E4AD5 /* AppstoreCloneUITests */ = {
			isa = PBXGroup;
			children = (
				3A9066432A53CC73004E4AD5 /* AppstoreCloneUITests.swift */,
				3A9066452A53CC73004E4AD5 /* AppstoreCloneUITestsLaunchTests.swift */,
			);
			path = AppstoreCloneUITests;
			sourceTree = "<group>";
		};
		3A9066522A53CE40004E4AD5 /* Application */ = {
			isa = PBXGroup;
			children = (
				3A9066222A53CC72004E4AD5 /* AppDelegate.swift */,
				3A9066242A53CC72004E4AD5 /* SceneDelegate.swift */,
			);
			path = Application;
			sourceTree = "<group>";
		};
		3A9066532A53CE46004E4AD5 /* Util */ = {
			isa = PBXGroup;
			children = (
				3A9066C72A544C6A004E4AD5 /* Extensions */,
				3A9066962A53E36A004E4AD5 /* UserDefaultsKey.swift */,
			);
			path = Util;
			sourceTree = "<group>";
		};
		3A9066542A53CE4B004E4AD5 /* Data */ = {
			isa = PBXGroup;
			children = (
				3A9066572A53CE7B004E4AD5 /* Response */,
			);
			path = Data;
			sourceTree = "<group>";
		};
		3A9066552A53CE50004E4AD5 /* Domain */ = {
			isa = PBXGroup;
			children = (
				3A90665A2A53CE94004E4AD5 /* Entities */,
				3A9066592A53CE8C004E4AD5 /* UseCases */,
				3A9066582A53CE86004E4AD5 /* Repositories */,
			);
			path = Domain;
			sourceTree = "<group>";
		};
		3A9066562A53CE56004E4AD5 /* Presentation */ = {
			isa = PBXGroup;
			children = (
				3A90667A2A53D194004E4AD5 /* SearchScene */,
			);
			path = Presentation;
			sourceTree = "<group>";
		};
		3A9066572A53CE7B004E4AD5 /* Response */ = {
			isa = PBXGroup;
			children = (
				3A9066A12A5401F3004E4AD5 /* SearchDTO.swift */,
			);
			path = Response;
			sourceTree = "<group>";
		};
		3A9066582A53CE86004E4AD5 /* Repositories */ = {
			isa = PBXGroup;
			children = (
				3A9066A82A54026D004E4AD5 /* SearchRepository.swift */,
			);
			path = Repositories;
			sourceTree = "<group>";
		};
		3A9066592A53CE8C004E4AD5 /* UseCases */ = {
			isa = PBXGroup;
			children = (
				3A90665B2A53CEC8004E4AD5 /* Search */,
			);
			path = UseCases;
			sourceTree = "<group>";
		};
		3A90665A2A53CE94004E4AD5 /* Entities */ = {
			isa = PBXGroup;
			children = (
				3A9066AC2A5403FF004E4AD5 /* AppData.swift */,
			);
			path = Entities;
			sourceTree = "<group>";
		};
		3A90665B2A53CEC8004E4AD5 /* Search */ = {
			isa = PBXGroup;
			children = (
				3A90665E2A53CF44004E4AD5 /* SearchAppUseCase.swift */,
			);
			path = Search;
			sourceTree = "<group>";
		};
		3A90667A2A53D194004E4AD5 /* SearchScene */ = {
			isa = PBXGroup;
			children = (
				3A9066912A53E2CB004E4AD5 /* Search */,
			);
			path = SearchScene;
			sourceTree = "<group>";
		};
		3A90668F2A53E2BE004E4AD5 /* ViewModel */ = {
			isa = PBXGroup;
			children = (
				3A9066922A53E2EC004E4AD5 /* AppSearchViewModel.swift */,
			);
			path = ViewModel;
			sourceTree = "<group>";
		};
		3A9066902A53E2C4004E4AD5 /* View */ = {
			isa = PBXGroup;
			children = (
				3A90667B2A53D1B6004E4AD5 /* AppSearchViewController.swift */,
				3A9066262A53CC72004E4AD5 /* SearchResultViewController.swift */,
				3A9066BF2A543FCA004E4AD5 /* AppDetailViewController.swift */,
				3A90669A2A53EE7D004E4AD5 /* CustomView */,
			);
			path = View;
			sourceTree = "<group>";
		};
		3A9066912A53E2CB004E4AD5 /* Search */ = {
			isa = PBXGroup;
			children = (
				3A9066902A53E2C4004E4AD5 /* View */,
				3A90668F2A53E2BE004E4AD5 /* ViewModel */,
			);
			path = Search;
			sourceTree = "<group>";
		};
		3A90669A2A53EE7D004E4AD5 /* CustomView */ = {
			isa = PBXGroup;
			children = (
				3A90669B2A53EE9B004E4AD5 /* RecentSearchHeaderView.swift */,
				3A9066BB2A543912004E4AD5 /* PreviewImageView.swift */,
				3A9066B52A541EC3004E4AD5 /* AppHeaderView.swift */,
				3A9066B02A541E6A004E4AD5 /* Cell */,
			);
			path = CustomView;
			sourceTree = "<group>";
		};
		3A9066B02A541E6A004E4AD5 /* Cell */ = {
			isa = PBXGroup;
			children = (
				3A9066B12A541E7E004E4AD5 /* AppCollectionViewCell.swift */,
			);
			path = Cell;
			sourceTree = "<group>";
		};
		3A9066C72A544C6A004E4AD5 /* Extensions */ = {
			isa = PBXGroup;
			children = (
			);
			path = Extensions;
			sourceTree = "<group>";
		};
/* End PBXGroup section */

/* Begin PBXNativeTarget section */
		3A90661E2A53CC72004E4AD5 /* AppstoreClone */ = {
			isa = PBXNativeTarget;
			buildConfigurationList = 3A9066492A53CC73004E4AD5 /* Build configuration list for PBXNativeTarget "AppstoreClone" */;
			buildPhases = (
				3A90661B2A53CC72004E4AD5 /* Sources */,
				3A90661C2A53CC72004E4AD5 /* Frameworks */,
				3A90661D2A53CC72004E4AD5 /* Resources */,
			);
			buildRules = (
			);
			dependencies = (
			);
			name = AppstoreClone;
			packageProductDependencies = (
				3A9066802A53DB38004E4AD5 /* SnapKit */,
				3A9066832A53DB65004E4AD5 /* RxCocoa */,
				3A9066852A53DB65004E4AD5 /* RxRelay */,
				3A9066872A53DB65004E4AD5 /* RxSwift */,
				3A90668A2A53DB75004E4AD5 /* RxDataSources */,
				3A90668D2A53E149004E4AD5 /* Kingfisher */,
				3A9066A62A540256004E4AD5 /* Moya */,
			);
			productName = AppstoreClone;
			productReference = 3A90661F2A53CC72004E4AD5 /* AppstoreClone.app */;
			productType = "com.apple.product-type.application";
		};
		3A9066342A53CC73004E4AD5 /* AppstoreCloneTests */ = {
			isa = PBXNativeTarget;
			buildConfigurationList = 3A90664C2A53CC73004E4AD5 /* Build configuration list for PBXNativeTarget "AppstoreCloneTests" */;
			buildPhases = (
				3A9066312A53CC73004E4AD5 /* Sources */,
				3A9066322A53CC73004E4AD5 /* Frameworks */,
				3A9066332A53CC73004E4AD5 /* Resources */,
			);
			buildRules = (
			);
			dependencies = (
				3A9066372A53CC73004E4AD5 /* PBXTargetDependency */,
			);
			name = AppstoreCloneTests;
			productName = AppstoreCloneTests;
			productReference = 3A9066352A53CC73004E4AD5 /* AppstoreCloneTests.xctest */;
			productType = "com.apple.product-type.bundle.unit-test";
		};
		3A90663E2A53CC73004E4AD5 /* AppstoreCloneUITests */ = {
			isa = PBXNativeTarget;
			buildConfigurationList = 3A90664F2A53CC73004E4AD5 /* Build configuration list for PBXNativeTarget "AppstoreCloneUITests" */;
			buildPhases = (
				3A90663B2A53CC73004E4AD5 /* Sources */,
				3A90663C2A53CC73004E4AD5 /* Frameworks */,
				3A90663D2A53CC73004E4AD5 /* Resources */,
			);
			buildRules = (
			);
			dependencies = (
				3A9066412A53CC73004E4AD5 /* PBXTargetDependency */,
			);
			name = AppstoreCloneUITests;
			productName = AppstoreCloneUITests;
			productReference = 3A90663F2A53CC73004E4AD5 /* AppstoreCloneUITests.xctest */;
			productType = "com.apple.product-type.bundle.ui-testing";
		};
/* End PBXNativeTarget section */

/* Begin PBXProject section */
		3A9066172A53CC72004E4AD5 /* Project object */ = {
			isa = PBXProject;
			attributes = {
				BuildIndependentTargetsInParallel = 1;
				LastSwiftUpdateCheck = 1420;
				LastUpgradeCheck = 1420;
				TargetAttributes = {
					3A90661E2A53CC72004E4AD5 = {
						CreatedOnToolsVersion = 14.2;
					};
					3A9066342A53CC73004E4AD5 = {
						CreatedOnToolsVersion = 14.2;
						TestTargetID = 3A90661E2A53CC72004E4AD5;
					};
					3A90663E2A53CC73004E4AD5 = {
						CreatedOnToolsVersion = 14.2;
						TestTargetID = 3A90661E2A53CC72004E4AD5;
					};
				};
			};
			buildConfigurationList = 3A90661A2A53CC72004E4AD5 /* Build configuration list for PBXProject "AppstoreClone" */;
			compatibilityVersion = "Xcode 14.0";
			developmentRegion = en;
			hasScannedForEncodings = 0;
			knownRegions = (
				en,
				Base,
			);
			mainGroup = 3A9066162A53CC72004E4AD5;
			packageReferences = (
				3A90667F2A53DB38004E4AD5 /* XCRemoteSwiftPackageReference "SnapKit" */,
				3A9066822A53DB65004E4AD5 /* XCRemoteSwiftPackageReference "RxSwift" */,
				3A9066892A53DB75004E4AD5 /* XCRemoteSwiftPackageReference "RxDataSources" */,
				3A90668C2A53E149004E4AD5 /* XCRemoteSwiftPackageReference "Kingfisher" */,
				3A9066A52A540256004E4AD5 /* XCRemoteSwiftPackageReference "Moya" */,
			);
			productRefGroup = 3A9066202A53CC72004E4AD5 /* Products */;
			projectDirPath = "";
			projectRoot = "";
			targets = (
				3A90661E2A53CC72004E4AD5 /* AppstoreClone */,
				3A9066342A53CC73004E4AD5 /* AppstoreCloneTests */,
				3A90663E2A53CC73004E4AD5 /* AppstoreCloneUITests */,
			);
		};
/* End PBXProject section */

/* Begin PBXResourcesBuildPhase section */
		3A90661D2A53CC72004E4AD5 /* Resources */ = {
			isa = PBXResourcesBuildPhase;
			buildActionMask = 2147483647;
			files = (
				3A90662F2A53CC72004E4AD5 /* LaunchScreen.storyboard in Resources */,
				3A90662C2A53CC72004E4AD5 /* Assets.xcassets in Resources */,
			);
			runOnlyForDeploymentPostprocessing = 0;
		};
		3A9066332A53CC73004E4AD5 /* Resources */ = {
			isa = PBXResourcesBuildPhase;
			buildActionMask = 2147483647;
			files = (
			);
			runOnlyForDeploymentPostprocessing = 0;
		};
		3A90663D2A53CC73004E4AD5 /* Resources */ = {
			isa = PBXResourcesBuildPhase;
			buildActionMask = 2147483647;
			files = (
			);
			runOnlyForDeploymentPostprocessing = 0;
		};
/* End PBXResourcesBuildPhase section */

/* Begin PBXSourcesBuildPhase section */
		3A90661B2A53CC72004E4AD5 /* Sources */ = {
			isa = PBXSourcesBuildPhase;
			buildActionMask = 2147483647;
			files = (
				3A9066972A53E36A004E4AD5 /* UserDefaultsKey.swift in Sources */,
				3A9066A92A54026D004E4AD5 /* SearchRepository.swift in Sources */,
				3A9066B22A541E7E004E4AD5 /* AppCollectionViewCell.swift in Sources */,
				3A9066272A53CC72004E4AD5 /* SearchResultViewController.swift in Sources */,
				3A9066232A53CC72004E4AD5 /* AppDelegate.swift in Sources */,
				3A9066252A53CC72004E4AD5 /* SceneDelegate.swift in Sources */,
				3A9066C02A543FCA004E4AD5 /* AppDetailViewController.swift in Sources */,
				3A9066A22A5401F3004E4AD5 /* SearchDTO.swift in Sources */,
				3A90669C2A53EE9B004E4AD5 /* RecentSearchHeaderView.swift in Sources */,
				3A90665F2A53CF44004E4AD5 /* SearchAppUseCase.swift in Sources */,
				3A9066BC2A543912004E4AD5 /* PreviewImageView.swift in Sources */,
				3A90667C2A53D1B6004E4AD5 /* AppSearchViewController.swift in Sources */,
				3A9066B62A541EC3004E4AD5 /* AppHeaderView.swift in Sources */,
				3A9066932A53E2EC004E4AD5 /* AppSearchViewModel.swift in Sources */,
				3A9066AD2A5403FF004E4AD5 /* AppData.swift in Sources */,
			);
			runOnlyForDeploymentPostprocessing = 0;
		};
		3A9066312A53CC73004E4AD5 /* Sources */ = {
			isa = PBXSourcesBuildPhase;
			buildActionMask = 2147483647;
			files = (
				3A9066A32A5401F3004E4AD5 /* SearchDTO.swift in Sources */,
				3A9066BD2A543912004E4AD5 /* PreviewImageView.swift in Sources */,
				3A9066A02A53F5A0004E4AD5 /* SearchResultViewController.swift in Sources */,
				3A9066982A53E36A004E4AD5 /* UserDefaultsKey.swift in Sources */,
				3A9066C12A543FCA004E4AD5 /* AppDetailViewController.swift in Sources */,
				3A90663A2A53CC73004E4AD5 /* AppstoreCloneTests.swift in Sources */,
				3A9066B32A541E7E004E4AD5 /* AppCollectionViewCell.swift in Sources */,
				3A9066B72A541EC3004E4AD5 /* AppHeaderView.swift in Sources */,
				3A90669D2A53EE9B004E4AD5 /* RecentSearchHeaderView.swift in Sources */,
				3A90667D2A53D1B6004E4AD5 /* AppSearchViewController.swift in Sources */,
				3A9066942A53E2EC004E4AD5 /* AppSearchViewModel.swift in Sources */,
				3A9066AA2A54026D004E4AD5 /* SearchRepository.swift in Sources */,
				3A9066AE2A5403FF004E4AD5 /* AppData.swift in Sources */,
			);
			runOnlyForDeploymentPostprocessing = 0;
		};
		3A90663B2A53CC73004E4AD5 /* Sources */ = {
			isa = PBXSourcesBuildPhase;
			buildActionMask = 2147483647;
			files = (
				3A9066462A53CC73004E4AD5 /* AppstoreCloneUITestsLaunchTests.swift in Sources */,
				3A90667E2A53D1B6004E4AD5 /* AppSearchViewController.swift in Sources */,
				3A90669E2A53EE9B004E4AD5 /* RecentSearchHeaderView.swift in Sources */,
				3A9066952A53E2EC004E4AD5 /* AppSearchViewModel.swift in Sources */,
				3A90669F2A53F5A0004E4AD5 /* SearchResultViewController.swift in Sources */,
				3A9066442A53CC73004E4AD5 /* AppstoreCloneUITests.swift in Sources */,
				3A9066BE2A543912004E4AD5 /* PreviewImageView.swift in Sources */,
				3A9066AB2A54026D004E4AD5 /* SearchRepository.swift in Sources */,
				3A9066992A53E36A004E4AD5 /* UserDefaultsKey.swift in Sources */,
				3A9066A42A5401F3004E4AD5 /* SearchDTO.swift in Sources */,
				3A9066AF2A5403FF004E4AD5 /* AppData.swift in Sources */,
				3A9066C22A543FCA004E4AD5 /* AppDetailViewController.swift in Sources */,
				3A9066B42A541E7E004E4AD5 /* AppCollectionViewCell.swift in Sources */,
				3A9066B82A541EC3004E4AD5 /* AppHeaderView.swift in Sources */,
			);
			runOnlyForDeploymentPostprocessing = 0;
		};
/* End PBXSourcesBuildPhase section */

/* Begin PBXTargetDependency section */
		3A9066372A53CC73004E4AD5 /* PBXTargetDependency */ = {
			isa = PBXTargetDependency;
			target = 3A90661E2A53CC72004E4AD5 /* AppstoreClone */;
			targetProxy = 3A9066362A53CC73004E4AD5 /* PBXContainerItemProxy */;
		};
		3A9066412A53CC73004E4AD5 /* PBXTargetDependency */ = {
			isa = PBXTargetDependency;
			target = 3A90661E2A53CC72004E4AD5 /* AppstoreClone */;
			targetProxy = 3A9066402A53CC73004E4AD5 /* PBXContainerItemProxy */;
		};
/* End PBXTargetDependency section */

/* Begin PBXVariantGroup section */
		3A90662D2A53CC72004E4AD5 /* LaunchScreen.storyboard */ = {
			isa = PBXVariantGroup;
			children = (
				3A90662E2A53CC72004E4AD5 /* Base */,
			);
			name = LaunchScreen.storyboard;
			sourceTree = "<group>";
		};
/* End PBXVariantGroup section */

/* Begin XCBuildConfiguration section */
		3A9066472A53CC73004E4AD5 /* Debug */ = {
			isa = XCBuildConfiguration;
			buildSettings = {
				ALWAYS_SEARCH_USER_PATHS = NO;
				CLANG_ANALYZER_NONNULL = YES;
				CLANG_ANALYZER_NUMBER_OBJECT_CONVERSION = YES_AGGRESSIVE;
				CLANG_CXX_LANGUAGE_STANDARD = "gnu++20";
				CLANG_ENABLE_MODULES = YES;
				CLANG_ENABLE_OBJC_ARC = YES;
				CLANG_ENABLE_OBJC_WEAK = YES;
				CLANG_WARN_BLOCK_CAPTURE_AUTORELEASING = YES;
				CLANG_WARN_BOOL_CONVERSION = YES;
				CLANG_WARN_COMMA = YES;
				CLANG_WARN_CONSTANT_CONVERSION = YES;
				CLANG_WARN_DEPRECATED_OBJC_IMPLEMENTATIONS = YES;
				CLANG_WARN_DIRECT_OBJC_ISA_USAGE = YES_ERROR;
				CLANG_WARN_DOCUMENTATION_COMMENTS = YES;
				CLANG_WARN_EMPTY_BODY = YES;
				CLANG_WARN_ENUM_CONVERSION = YES;
				CLANG_WARN_INFINITE_RECURSION = YES;
				CLANG_WARN_INT_CONVERSION = YES;
				CLANG_WARN_NON_LITERAL_NULL_CONVERSION = YES;
				CLANG_WARN_OBJC_IMPLICIT_RETAIN_SELF = YES;
				CLANG_WARN_OBJC_LITERAL_CONVERSION = YES;
				CLANG_WARN_OBJC_ROOT_CLASS = YES_ERROR;
				CLANG_WARN_QUOTED_INCLUDE_IN_FRAMEWORK_HEADER = YES;
				CLANG_WARN_RANGE_LOOP_ANALYSIS = YES;
				CLANG_WARN_STRICT_PROTOTYPES = YES;
				CLANG_WARN_SUSPICIOUS_MOVE = YES;
				CLANG_WARN_UNGUARDED_AVAILABILITY = YES_AGGRESSIVE;
				CLANG_WARN_UNREACHABLE_CODE = YES;
				CLANG_WARN__DUPLICATE_METHOD_MATCH = YES;
				COPY_PHASE_STRIP = NO;
				DEBUG_INFORMATION_FORMAT = dwarf;
				ENABLE_STRICT_OBJC_MSGSEND = YES;
				ENABLE_TESTABILITY = YES;
				GCC_C_LANGUAGE_STANDARD = gnu11;
				GCC_DYNAMIC_NO_PIC = NO;
				GCC_NO_COMMON_BLOCKS = YES;
				GCC_OPTIMIZATION_LEVEL = 0;
				GCC_PREPROCESSOR_DEFINITIONS = (
					"DEBUG=1",
					"$(inherited)",
				);
				GCC_WARN_64_TO_32_BIT_CONVERSION = YES;
				GCC_WARN_ABOUT_RETURN_TYPE = YES_ERROR;
				GCC_WARN_UNDECLARED_SELECTOR = YES;
				GCC_WARN_UNINITIALIZED_AUTOS = YES_AGGRESSIVE;
				GCC_WARN_UNUSED_FUNCTION = YES;
				GCC_WARN_UNUSED_VARIABLE = YES;
				IPHONEOS_DEPLOYMENT_TARGET = 16.2;
				MTL_ENABLE_DEBUG_INFO = INCLUDE_SOURCE;
				MTL_FAST_MATH = YES;
				ONLY_ACTIVE_ARCH = YES;
				SDKROOT = iphoneos;
				SWIFT_ACTIVE_COMPILATION_CONDITIONS = DEBUG;
				SWIFT_OPTIMIZATION_LEVEL = "-Onone";
			};
			name = Debug;
		};
		3A9066482A53CC73004E4AD5 /* Release */ = {
			isa = XCBuildConfiguration;
			buildSettings = {
				ALWAYS_SEARCH_USER_PATHS = NO;
				CLANG_ANALYZER_NONNULL = YES;
				CLANG_ANALYZER_NUMBER_OBJECT_CONVERSION = YES_AGGRESSIVE;
				CLANG_CXX_LANGUAGE_STANDARD = "gnu++20";
				CLANG_ENABLE_MODULES = YES;
				CLANG_ENABLE_OBJC_ARC = YES;
				CLANG_ENABLE_OBJC_WEAK = YES;
				CLANG_WARN_BLOCK_CAPTURE_AUTORELEASING = YES;
				CLANG_WARN_BOOL_CONVERSION = YES;
				CLANG_WARN_COMMA = YES;
				CLANG_WARN_CONSTANT_CONVERSION = YES;
				CLANG_WARN_DEPRECATED_OBJC_IMPLEMENTATIONS = YES;
				CLANG_WARN_DIRECT_OBJC_ISA_USAGE = YES_ERROR;
				CLANG_WARN_DOCUMENTATION_COMMENTS = YES;
				CLANG_WARN_EMPTY_BODY = YES;
				CLANG_WARN_ENUM_CONVERSION = YES;
				CLANG_WARN_INFINITE_RECURSION = YES;
				CLANG_WARN_INT_CONVERSION = YES;
				CLANG_WARN_NON_LITERAL_NULL_CONVERSION = YES;
				CLANG_WARN_OBJC_IMPLICIT_RETAIN_SELF = YES;
				CLANG_WARN_OBJC_LITERAL_CONVERSION = YES;
				CLANG_WARN_OBJC_ROOT_CLASS = YES_ERROR;
				CLANG_WARN_QUOTED_INCLUDE_IN_FRAMEWORK_HEADER = YES;
				CLANG_WARN_RANGE_LOOP_ANALYSIS = YES;
				CLANG_WARN_STRICT_PROTOTYPES = YES;
				CLANG_WARN_SUSPICIOUS_MOVE = YES;
				CLANG_WARN_UNGUARDED_AVAILABILITY = YES_AGGRESSIVE;
				CLANG_WARN_UNREACHABLE_CODE = YES;
				CLANG_WARN__DUPLICATE_METHOD_MATCH = YES;
				COPY_PHASE_STRIP = NO;
				DEBUG_INFORMATION_FORMAT = "dwarf-with-dsym";
				ENABLE_NS_ASSERTIONS = NO;
				ENABLE_STRICT_OBJC_MSGSEND = YES;
				GCC_C_LANGUAGE_STANDARD = gnu11;
				GCC_NO_COMMON_BLOCKS = YES;
				GCC_WARN_64_TO_32_BIT_CONVERSION = YES;
				GCC_WARN_ABOUT_RETURN_TYPE = YES_ERROR;
				GCC_WARN_UNDECLARED_SELECTOR = YES;
				GCC_WARN_UNINITIALIZED_AUTOS = YES_AGGRESSIVE;
				GCC_WARN_UNUSED_FUNCTION = YES;
				GCC_WARN_UNUSED_VARIABLE = YES;
				IPHONEOS_DEPLOYMENT_TARGET = 16.2;
				MTL_ENABLE_DEBUG_INFO = NO;
				MTL_FAST_MATH = YES;
				SDKROOT = iphoneos;
				SWIFT_COMPILATION_MODE = wholemodule;
				SWIFT_OPTIMIZATION_LEVEL = "-O";
				VALIDATE_PRODUCT = YES;
			};
			name = Release;
		};
		3A90664A2A53CC73004E4AD5 /* Debug */ = {
			isa = XCBuildConfiguration;
			buildSettings = {
				ASSETCATALOG_COMPILER_APPICON_NAME = AppIcon;
				ASSETCATALOG_COMPILER_GLOBAL_ACCENT_COLOR_NAME = AccentColor;
				CODE_SIGN_STYLE = Automatic;
				CURRENT_PROJECT_VERSION = 1;
				DEVELOPMENT_TEAM = 97JRLS4642;
				GENERATE_INFOPLIST_FILE = YES;
				INFOPLIST_FILE = AppstoreClone/Info.plist;
				INFOPLIST_KEY_UIApplicationSupportsIndirectInputEvents = YES;
				INFOPLIST_KEY_UILaunchStoryboardName = LaunchScreen;
				INFOPLIST_KEY_UISupportedInterfaceOrientations_iPad = "UIInterfaceOrientationPortrait UIInterfaceOrientationPortraitUpsideDown UIInterfaceOrientationLandscapeLeft UIInterfaceOrientationLandscapeRight";
				INFOPLIST_KEY_UISupportedInterfaceOrientations_iPhone = "UIInterfaceOrientationPortrait UIInterfaceOrientationLandscapeLeft UIInterfaceOrientationLandscapeRight";
				LD_RUNPATH_SEARCH_PATHS = (
					"$(inherited)",
					"@executable_path/Frameworks",
				);
				MARKETING_VERSION = 1.0;
				PRODUCT_BUNDLE_IDENTIFIER = com.fkaka.AppstoreClone;
				PRODUCT_NAME = "$(TARGET_NAME)";
				SUPPORTED_PLATFORMS = "iphoneos iphonesimulator";
				SUPPORTS_MACCATALYST = NO;
				SUPPORTS_MAC_DESIGNED_FOR_IPHONE_IPAD = YES;
				SWIFT_EMIT_LOC_STRINGS = YES;
				SWIFT_VERSION = 5.0;
				TARGETED_DEVICE_FAMILY = 1;
			};
			name = Debug;
		};
		3A90664B2A53CC73004E4AD5 /* Release */ = {
			isa = XCBuildConfiguration;
			buildSettings = {
				ASSETCATALOG_COMPILER_APPICON_NAME = AppIcon;
				ASSETCATALOG_COMPILER_GLOBAL_ACCENT_COLOR_NAME = AccentColor;
				CODE_SIGN_STYLE = Automatic;
				CURRENT_PROJECT_VERSION = 1;
				DEVELOPMENT_TEAM = 97JRLS4642;
				GENERATE_INFOPLIST_FILE = YES;
				INFOPLIST_FILE = AppstoreClone/Info.plist;
				INFOPLIST_KEY_UIApplicationSupportsIndirectInputEvents = YES;
				INFOPLIST_KEY_UILaunchStoryboardName = LaunchScreen;
				INFOPLIST_KEY_UISupportedInterfaceOrientations_iPad = "UIInterfaceOrientationPortrait UIInterfaceOrientationPortraitUpsideDown UIInterfaceOrientationLandscapeLeft UIInterfaceOrientationLandscapeRight";
				INFOPLIST_KEY_UISupportedInterfaceOrientations_iPhone = "UIInterfaceOrientationPortrait UIInterfaceOrientationLandscapeLeft UIInterfaceOrientationLandscapeRight";
				LD_RUNPATH_SEARCH_PATHS = (
					"$(inherited)",
					"@executable_path/Frameworks",
				);
				MARKETING_VERSION = 1.0;
				PRODUCT_BUNDLE_IDENTIFIER = com.fkaka.AppstoreClone;
				PRODUCT_NAME = "$(TARGET_NAME)";
				SUPPORTED_PLATFORMS = "iphoneos iphonesimulator";
				SUPPORTS_MACCATALYST = NO;
				SUPPORTS_MAC_DESIGNED_FOR_IPHONE_IPAD = YES;
				SWIFT_EMIT_LOC_STRINGS = YES;
				SWIFT_VERSION = 5.0;
				TARGETED_DEVICE_FAMILY = 1;
			};
			name = Release;
		};
		3A90664D2A53CC73004E4AD5 /* Debug */ = {
			isa = XCBuildConfiguration;
			buildSettings = {
				ALWAYS_EMBED_SWIFT_STANDARD_LIBRARIES = YES;
				BUNDLE_LOADER = "$(TEST_HOST)";
				CODE_SIGN_STYLE = Automatic;
				CURRENT_PROJECT_VERSION = 1;
				DEVELOPMENT_TEAM = 97JRLS4642;
				GENERATE_INFOPLIST_FILE = YES;
				IPHONEOS_DEPLOYMENT_TARGET = 16.2;
				MARKETING_VERSION = 1.0;
				PRODUCT_BUNDLE_IDENTIFIER = com.fkaka.AppstoreCloneTests;
				PRODUCT_NAME = "$(TARGET_NAME)";
				SUPPORTED_PLATFORMS = "iphoneos iphonesimulator";
				SUPPORTS_MACCATALYST = NO;
				SUPPORTS_MAC_DESIGNED_FOR_IPHONE_IPAD = YES;
				SWIFT_EMIT_LOC_STRINGS = NO;
				SWIFT_VERSION = 5.0;
				TARGETED_DEVICE_FAMILY = 1;
				TEST_HOST = "$(BUILT_PRODUCTS_DIR)/AppstoreClone.app/$(BUNDLE_EXECUTABLE_FOLDER_PATH)/AppstoreClone";
			};
			name = Debug;
		};
		3A90664E2A53CC73004E4AD5 /* Release */ = {
			isa = XCBuildConfiguration;
			buildSettings = {
				ALWAYS_EMBED_SWIFT_STANDARD_LIBRARIES = YES;
				BUNDLE_LOADER = "$(TEST_HOST)";
				CODE_SIGN_STYLE = Automatic;
				CURRENT_PROJECT_VERSION = 1;
				DEVELOPMENT_TEAM = 97JRLS4642;
				GENERATE_INFOPLIST_FILE = YES;
				IPHONEOS_DEPLOYMENT_TARGET = 16.2;
				MARKETING_VERSION = 1.0;
				PRODUCT_BUNDLE_IDENTIFIER = com.fkaka.AppstoreCloneTests;
				PRODUCT_NAME = "$(TARGET_NAME)";
				SUPPORTED_PLATFORMS = "iphoneos iphonesimulator";
				SUPPORTS_MACCATALYST = NO;
				SUPPORTS_MAC_DESIGNED_FOR_IPHONE_IPAD = YES;
				SWIFT_EMIT_LOC_STRINGS = NO;
				SWIFT_VERSION = 5.0;
				TARGETED_DEVICE_FAMILY = 1;
				TEST_HOST = "$(BUILT_PRODUCTS_DIR)/AppstoreClone.app/$(BUNDLE_EXECUTABLE_FOLDER_PATH)/AppstoreClone";
			};
			name = Release;
		};
		3A9066502A53CC73004E4AD5 /* Debug */ = {
			isa = XCBuildConfiguration;
			buildSettings = {
				ALWAYS_EMBED_SWIFT_STANDARD_LIBRARIES = YES;
				CODE_SIGN_STYLE = Automatic;
				CURRENT_PROJECT_VERSION = 1;
				DEVELOPMENT_TEAM = 97JRLS4642;
				GENERATE_INFOPLIST_FILE = YES;
				MARKETING_VERSION = 1.0;
				PRODUCT_BUNDLE_IDENTIFIER = com.fkaka.AppstoreCloneUITests;
				PRODUCT_NAME = "$(TARGET_NAME)";
				SUPPORTED_PLATFORMS = "iphoneos iphonesimulator";
				SUPPORTS_MACCATALYST = NO;
				SUPPORTS_MAC_DESIGNED_FOR_IPHONE_IPAD = YES;
				SWIFT_EMIT_LOC_STRINGS = NO;
				SWIFT_VERSION = 5.0;
				TARGETED_DEVICE_FAMILY = 1;
				TEST_TARGET_NAME = AppstoreClone;
			};
			name = Debug;
		};
		3A9066512A53CC73004E4AD5 /* Release */ = {
			isa = XCBuildConfiguration;
			buildSettings = {
				ALWAYS_EMBED_SWIFT_STANDARD_LIBRARIES = YES;
				CODE_SIGN_STYLE = Automatic;
				CURRENT_PROJECT_VERSION = 1;
				DEVELOPMENT_TEAM = 97JRLS4642;
				GENERATE_INFOPLIST_FILE = YES;
				MARKETING_VERSION = 1.0;
				PRODUCT_BUNDLE_IDENTIFIER = com.fkaka.AppstoreCloneUITests;
				PRODUCT_NAME = "$(TARGET_NAME)";
				SUPPORTED_PLATFORMS = "iphoneos iphonesimulator";
				SUPPORTS_MACCATALYST = NO;
				SUPPORTS_MAC_DESIGNED_FOR_IPHONE_IPAD = YES;
				SWIFT_EMIT_LOC_STRINGS = NO;
				SWIFT_VERSION = 5.0;
				TARGETED_DEVICE_FAMILY = 1;
				TEST_TARGET_NAME = AppstoreClone;
			};
			name = Release;
		};
/* End XCBuildConfiguration section */

/* Begin XCConfigurationList section */
		3A90661A2A53CC72004E4AD5 /* Build configuration list for PBXProject "AppstoreClone" */ = {
			isa = XCConfigurationList;
			buildConfigurations = (
				3A9066472A53CC73004E4AD5 /* Debug */,
				3A9066482A53CC73004E4AD5 /* Release */,
			);
			defaultConfigurationIsVisible = 0;
			defaultConfigurationName = Release;
		};
		3A9066492A53CC73004E4AD5 /* Build configuration list for PBXNativeTarget "AppstoreClone" */ = {
			isa = XCConfigurationList;
			buildConfigurations = (
				3A90664A2A53CC73004E4AD5 /* Debug */,
				3A90664B2A53CC73004E4AD5 /* Release */,
			);
			defaultConfigurationIsVisible = 0;
			defaultConfigurationName = Release;
		};
		3A90664C2A53CC73004E4AD5 /* Build configuration list for PBXNativeTarget "AppstoreCloneTests" */ = {
			isa = XCConfigurationList;
			buildConfigurations = (
				3A90664D2A53CC73004E4AD5 /* Debug */,
				3A90664E2A53CC73004E4AD5 /* Release */,
			);
			defaultConfigurationIsVisible = 0;
			defaultConfigurationName = Release;
		};
		3A90664F2A53CC73004E4AD5 /* Build configuration list for PBXNativeTarget "AppstoreCloneUITests" */ = {
			isa = XCConfigurationList;
			buildConfigurations = (
				3A9066502A53CC73004E4AD5 /* Debug */,
				3A9066512A53CC73004E4AD5 /* Release */,
			);
			defaultConfigurationIsVisible = 0;
			defaultConfigurationName = Release;
		};
/* End XCConfigurationList section */

/* Begin XCRemoteSwiftPackageReference section */
		3A90667F2A53DB38004E4AD5 /* XCRemoteSwiftPackageReference "SnapKit" */ = {
			isa = XCRemoteSwiftPackageReference;
			repositoryURL = "https://github.com/SnapKit/SnapKit";
			requirement = {
				kind = upToNextMajorVersion;
				minimumVersion = 5.6.0;
			};
		};
		3A9066822A53DB65004E4AD5 /* XCRemoteSwiftPackageReference "RxSwift" */ = {
			isa = XCRemoteSwiftPackageReference;
			repositoryURL = "https://github.com/ReactiveX/RxSwift";
			requirement = {
				kind = upToNextMajorVersion;
				minimumVersion = 6.0.0;
			};
		};
		3A9066892A53DB75004E4AD5 /* XCRemoteSwiftPackageReference "RxDataSources" */ = {
			isa = XCRemoteSwiftPackageReference;
			repositoryURL = "https://github.com/RxSwiftCommunity/RxDataSources.git";
			requirement = {
				branch = main;
				kind = branch;
			};
		};
		3A90668C2A53E149004E4AD5 /* XCRemoteSwiftPackageReference "Kingfisher" */ = {
			isa = XCRemoteSwiftPackageReference;
			repositoryURL = "https://github.com/onevcat/Kingfisher.git";
			requirement = {
				branch = master;
				kind = branch;
			};
		};
		3A9066A52A540256004E4AD5 /* XCRemoteSwiftPackageReference "Moya" */ = {
			isa = XCRemoteSwiftPackageReference;
			repositoryURL = "https://github.com/Moya/Moya.git";
			requirement = {
				branch = master;
				kind = branch;
			};
		};
/* End XCRemoteSwiftPackageReference section */

/* Begin XCSwiftPackageProductDependency section */
		3A9066802A53DB38004E4AD5 /* SnapKit */ = {
			isa = XCSwiftPackageProductDependency;
			package = 3A90667F2A53DB38004E4AD5 /* XCRemoteSwiftPackageReference "SnapKit" */;
			productName = SnapKit;
		};
		3A9066832A53DB65004E4AD5 /* RxCocoa */ = {
			isa = XCSwiftPackageProductDependency;
			package = 3A9066822A53DB65004E4AD5 /* XCRemoteSwiftPackageReference "RxSwift" */;
			productName = RxCocoa;
		};
		3A9066852A53DB65004E4AD5 /* RxRelay */ = {
			isa = XCSwiftPackageProductDependency;
			package = 3A9066822A53DB65004E4AD5 /* XCRemoteSwiftPackageReference "RxSwift" */;
			productName = RxRelay;
		};
		3A9066872A53DB65004E4AD5 /* RxSwift */ = {
			isa = XCSwiftPackageProductDependency;
			package = 3A9066822A53DB65004E4AD5 /* XCRemoteSwiftPackageReference "RxSwift" */;
			productName = RxSwift;
		};
		3A90668A2A53DB75004E4AD5 /* RxDataSources */ = {
			isa = XCSwiftPackageProductDependency;
			package = 3A9066892A53DB75004E4AD5 /* XCRemoteSwiftPackageReference "RxDataSources" */;
			productName = RxDataSources;
		};
		3A90668D2A53E149004E4AD5 /* Kingfisher */ = {
			isa = XCSwiftPackageProductDependency;
			package = 3A90668C2A53E149004E4AD5 /* XCRemoteSwiftPackageReference "Kingfisher" */;
			productName = Kingfisher;
		};
		3A9066A62A540256004E4AD5 /* Moya */ = {
			isa = XCSwiftPackageProductDependency;
			package = 3A9066A52A540256004E4AD5 /* XCRemoteSwiftPackageReference "Moya" */;
			productName = Moya;
		};
/* End XCSwiftPackageProductDependency section */
	};
	rootObject = 3A9066172A53CC72004E4AD5 /* Project object */;
}
